hash: 795a8bfd83a70ec6ab4ad68df7bd643ea5d6e97660233a921decbc423d2b3fcd
updated: 2017-04-14T15:23:17.014051872-05:00
imports:
- name: github.com/boltdb/bolt
  version: 583e8937c61f1af6513608ccc75c97b6abdf4ff9
- name: golang.org/x/sys
  version: f3918c30c5c2cb527c0b071a27c35120a6c0719a
  subpackages:
  - unix
- name: golang.org/x/tools
  version: cbb995d093b2c4a12ac074e53d90373ecc827527
  subpackages:
  - go/ast/astutil
  - imports
testImports: []
